
Microsoft Visual Studio Solution File, Format Version 12.00
# Visual Studio Version 16
VisualStudioVersion = 16.0.30717.126
MinimumVisualStudioVersion = 10.0.40219.1
Project("{FAE04EC0-301F-11D3-BF4B-00C04F79EFBC}") = "SpeedTricks", "SpeedTricks.csproj", "{315BFDEC-3A98-44CF-917E-36005B16E6B1}"
EndProject
Global
	GlobalSection(SolutionConfigurationPlatforms) = preSolution
		Debug|Any CPU = Debug|Any CPU
		Release|Any CPU = Release|Any CPU
	EndGlobalSection
	GlobalSection(ProjectConfigurationPlatforms) = postSolution
		{315BFDEC-3A98-44CF-917E-36005B16E6B1}.Debug|Any CPU.ActiveCfg = Debug|Any CPU
		{315BFDEC-3A98-44CF-917E-36005B16E6B1}.Debug|Any CPU.Build.0 = Debug|Any CPU
		{315BFDEC-3A98-44CF-917E-36005B16E6B1}.Release|Any CPU.ActiveCfg = Release|Any CPU
		{315BFDEC-3A98-44CF-917E-36005B16E6B1}.Release|Any CPU.Build.0 = Release|Any CPU
	EndGlobalSection
	GlobalSection(SolutionProperties) = preSolution
		HideSolutionNode = FALSE
	EndGlobalSection
	GlobalSection(ExtensibilityGlobals) = postSolution
		SolutionGuid = {413F4A38-FDE5-4456-9DEB-43BEE214DD07}
	EndGlobalSection
EndGlobal
